<?xml version="1.0" encoding="utf-8"?>
<Project ToolsVersion="17.0" xmlns="http://schemas.microsoft.com/developer/msbuild/2003">
  <ItemGroup>
    <ClCompile Include="D:\000 Tech Research\projects\12_harmonia\Source\Server\ServerMain.cpp">
      <Filter>Source Files</Filter>
    </ClCompile>
    <ClCompile Include="D:\000 Tech Research\projects\12_harmonia\Source\Server\ServerApp.cpp">
      <Filter>Source Files</Filter>
    </ClCompile>
    <ClCompile Include="D:\000 Tech Research\projects\12_harmonia\Source\Server\Logger.cpp">
      <Filter>Source Files</Filter>
    </ClCompile>
    <ClCompile Include="D:\000 Tech Research\projects\12_harmonia\Source\Server\ListenerThread.cpp">
      <Filter>Source Files</Filter>
    </ClCompile>
    <ClCompile Include="D:\000 Tech Research\projects\12_harmonia\Source\Server\ClientConnection.cpp">
      <Filter>Source Files</Filter>
    </ClCompile>
    <ClCompile Include="D:\000 Tech Research\projects\12_harmonia\Source\Server\SessionManager.cpp">
      <Filter>Source Files</Filter>
    </ClCompile>
    <ClCompile Include="D:\000 Tech Research\projects\12_harmonia\Source\Server\MessageRouter.cpp">
      <Filter>Source Files</Filter>
    </ClCompile>
    <ClCompile Include="D:\000 Tech Research\projects\12_harmonia\Source\Server\WorldTickThread.cpp">
      <Filter>Source Files</Filter>
    </ClCompile>
    <ClCompile Include="D:\JUCE\modules\juce_core\juce_core.cpp">
      <Filter>Source Files</Filter>
    </ClCompile>
    <ClCompile Include="D:\JUCE\modules\juce_data_structures\juce_data_structures.cpp">
      <Filter>Source Files</Filter>
    </ClCompile>
    <ClCompile Include="D:\JUCE\modules\juce_events\juce_events.cpp">
      <Filter>Source Files</Filter>
    </ClCompile>
  </ItemGroup>
  <ItemGroup>
    <CustomBuild Include="D:\000 Tech Research\projects\12_harmonia\CMakeLists.txt" />
  </ItemGroup>
  <ItemGroup>
    <Object Include="D:\000 Tech Research\projects\12_harmonia\Builds\HarmoniaServer_rc_lib.dir\$(Configuration)\HarmoniaServer_resources.res">
      <Filter>Object Libraries</Filter>
    </Object>
  </ItemGroup>
  <ItemGroup>
    <Filter Include="Object Libraries">
      <UniqueIdentifier>{7F7417F1-00EC-3E3B-B952-1A4ABDD849DC}</UniqueIdentifier>
    </Filter>
    <Filter Include="Source Files">
      <UniqueIdentifier>{73C92041-99EE-3ABF-B543-00AACDFB793F}</UniqueIdentifier>
    </Filter>
  </ItemGroup>
</Project>
