<?xml version="1.0" encoding="utf-8"?>
<Project ToolsVersion="17.0" xmlns="http://schemas.microsoft.com/developer/msbuild/2003">
  <ItemGroup>
    <CustomBuild Include="D:\000 Tech Research\projects\12_harmonia\Builds\CMakeFiles\1c491168f149af9ce551fd34e8b191ab\HarmoniaServer_resources.rc.rule">
      <Filter>CMake Rules</Filter>
    </CustomBuild>
    <CustomBuild Include="D:\000 Tech Research\projects\12_harmonia\CMakeLists.txt" />
  </ItemGroup>
  <ItemGroup>
    <ResourceCompile Include="D:\000 Tech Research\projects\12_harmonia\Builds\HarmoniaServer_artefacts\JuceLibraryCode\HarmoniaServer_resources.rc">
      <Filter>Source Files</Filter>
    </ResourceCompile>
  </ItemGroup>
  <ItemGroup>
    <Filter Include="CMake Rules">
      <UniqueIdentifier>{4D70B9E0-E3A6-346D-8433-10DE2F238DC2}</UniqueIdentifier>
    </Filter>
    <Filter Include="Source Files">
      <UniqueIdentifier>{73C92041-99EE-3ABF-B543-00AACDFB793F}</UniqueIdentifier>
    </Filter>
  </ItemGroup>
</Project>
