<?xml version="1.0" encoding="utf-8"?>
<Project ToolsVersion="17.0" xmlns="http://schemas.microsoft.com/developer/msbuild/2003">
  <ItemGroup>
    <ClCompile Include="D:\000 Tech Research\projects\12_harmonia\Source\Client\App\Main.cpp">
      <Filter>Source Files</Filter>
    </ClCompile>
    <ClCompile Include="D:\000 Tech Research\projects\12_harmonia\Source\Client\App\HarmoniaApp.cpp">
      <Filter>Source Files</Filter>
    </ClCompile>
    <ClCompile Include="D:\000 Tech Research\projects\12_harmonia\Source\Client\Network\HarpFramer.cpp">
      <Filter>Source Files</Filter>
    </ClCompile>
    <ClCompile Include="D:\000 Tech Research\projects\12_harmonia\Source\Client\Network\NetworkClient.cpp">
      <Filter>Source Files</Filter>
    </ClCompile>
    <ClCompile Include="D:\000 Tech Research\projects\12_harmonia\Source\Client\Network\MessageHandler.cpp">
      <Filter>Source Files</Filter>
    </ClCompile>
    <ClCompile Include="D:\000 Tech Research\projects\12_harmonia\Source\Client\Network\StateSyncer.cpp">
      <Filter>Source Files</Filter>
    </ClCompile>
    <ClCompile Include="D:\000 Tech Research\projects\12_harmonia\Source\Client\World\OpenWorld.cpp">
      <Filter>Source Files</Filter>
    </ClCompile>
    <ClCompile Include="D:\000 Tech Research\projects\12_harmonia\Source\Client\World\PlayerController.cpp">
      <Filter>Source Files</Filter>
    </ClCompile>
    <ClCompile Include="D:\000 Tech Research\projects\12_harmonia\Source\Client\World\RemotePlayer.cpp">
      <Filter>Source Files</Filter>
    </ClCompile>
    <ClCompile Include="D:\000 Tech Research\projects\12_harmonia\Source\Client\World\Regions\LivingGridRegion.cpp">
      <Filter>Source Files</Filter>
    </ClCompile>
    <ClCompile Include="D:\000 Tech Research\projects\12_harmonia\Source\Client\Engine\Rendering\OpenGLContext.cpp">
      <Filter>Source Files</Filter>
    </ClCompile>
    <ClCompile Include="D:\000 Tech Research\projects\12_harmonia\Source\Client\Engine\Rendering\Camera.cpp">
      <Filter>Source Files</Filter>
    </ClCompile>
    <ClCompile Include="D:\000 Tech Research\projects\12_harmonia\Source\Client\Engine\Rendering\ShaderLibrary.cpp">
      <Filter>Source Files</Filter>
    </ClCompile>
    <ClCompile Include="D:\000 Tech Research\projects\12_harmonia\Source\Client\Engine\Rendering\ParticleSystem.cpp">
      <Filter>Source Files</Filter>
    </ClCompile>
    <ClCompile Include="D:\000 Tech Research\projects\12_harmonia\Source\Client\Engine\Rendering\AvatarRenderer.cpp">
      <Filter>Source Files</Filter>
    </ClCompile>
    <ClCompile Include="D:\000 Tech Research\projects\12_harmonia\Source\Client\Engine\Rendering\StarField.cpp">
      <Filter>Source Files</Filter>
    </ClCompile>
    <ClCompile Include="D:\000 Tech Research\projects\12_harmonia\Source\Client\Engine\Rendering\PostProcess.cpp">
      <Filter>Source Files</Filter>
    </ClCompile>
    <ClCompile Include="D:\000 Tech Research\projects\12_harmonia\Source\Client\Engine\Audio\AudioEngine.cpp">
      <Filter>Source Files</Filter>
    </ClCompile>
    <ClCompile Include="D:\000 Tech Research\projects\12_harmonia\Source\Client\Engine\Audio\MidiEngine.cpp">
      <Filter>Source Files</Filter>
    </ClCompile>
    <ClCompile Include="D:\000 Tech Research\projects\12_harmonia\Source\Client\Engine\Audio\AdditiveVoice.cpp">
      <Filter>Source Files</Filter>
    </ClCompile>
    <ClCompile Include="D:\000 Tech Research\projects\12_harmonia\Source\Client\Engine\Audio\SpatialAudio.cpp">
      <Filter>Source Files</Filter>
    </ClCompile>
    <ClCompile Include="D:\000 Tech Research\projects\12_harmonia\Source\Client\Shell\SplashScreen.cpp">
      <Filter>Source Files</Filter>
    </ClCompile>
    <ClCompile Include="D:\000 Tech Research\projects\12_harmonia\Source\Client\Shell\ServerBrowser.cpp">
      <Filter>Source Files</Filter>
    </ClCompile>
    <ClCompile Include="D:\000 Tech Research\projects\12_harmonia\Source\Client\Shell\Journal.cpp">
      <Filter>Source Files</Filter>
    </ClCompile>
    <ClCompile Include="D:\000 Tech Research\projects\12_harmonia\Source\Client\UI\HudOverlay.cpp">
      <Filter>Source Files</Filter>
    </ClCompile>
    <ClCompile Include="D:\000 Tech Research\projects\12_harmonia\Source\Client\UI\ChatBox.cpp">
      <Filter>Source Files</Filter>
    </ClCompile>
    <ClCompile Include="D:\JUCE\modules\juce_core\juce_core.cpp">
      <Filter>Source Files</Filter>
    </ClCompile>
    <ClCompile Include="D:\JUCE\modules\juce_data_structures\juce_data_structures.cpp">
      <Filter>Source Files</Filter>
    </ClCompile>
    <ClCompile Include="D:\JUCE\modules\juce_events\juce_events.cpp">
      <Filter>Source Files</Filter>
    </ClCompile>
    <ClCompile Include="D:\JUCE\modules\juce_audio_basics\juce_audio_basics.cpp">
      <Filter>Source Files</Filter>
    </ClCompile>
    <ClCompile Include="D:\JUCE\modules\juce_audio_devices\juce_audio_devices.cpp">
      <Filter>Source Files</Filter>
    </ClCompile>
    <ClCompile Include="D:\JUCE\modules\juce_audio_formats\juce_audio_formats.cpp">
      <Filter>Source Files</Filter>
    </ClCompile>
    <ClCompile Include="D:\JUCE\modules\juce_audio_processors\juce_audio_processors.cpp">
      <Filter>Source Files</Filter>
    </ClCompile>
    <ClCompile Include="D:\JUCE\modules\juce_audio_processors\juce_audio_processors_ara.cpp">
      <Filter>Source Files</Filter>
    </ClCompile>
    <ClCompile Include="D:\JUCE\modules\juce_audio_processors\juce_audio_processors_lv2_libs.cpp">
      <Filter>Source Files</Filter>
    </ClCompile>
    <ClCompile Include="D:\JUCE\modules\juce_gui_extra\juce_gui_extra.cpp">
      <Filter>Source Files</Filter>
    </ClCompile>
    <ClCompile Include="D:\JUCE\modules\juce_gui_basics\juce_gui_basics.cpp">
      <Filter>Source Files</Filter>
    </ClCompile>
    <ClCompile Include="D:\JUCE\modules\juce_graphics\juce_graphics.cpp">
      <Filter>Source Files</Filter>
    </ClCompile>
    <ClCompile Include="D:\JUCE\modules\juce_opengl\juce_opengl.cpp">
      <Filter>Source Files</Filter>
    </ClCompile>
  </ItemGroup>
  <ItemGroup>
    <CustomBuild Include="D:\000 Tech Research\projects\12_harmonia\CMakeLists.txt" />
  </ItemGroup>
  <ItemGroup>
    <Object Include="D:\000 Tech Research\projects\12_harmonia\Builds\Harmonia_rc_lib.dir\$(Configuration)\Harmonia_resources.res">
      <Filter>Object Libraries</Filter>
    </Object>
  </ItemGroup>
  <ItemGroup>
    <Filter Include="Object Libraries">
      <UniqueIdentifier>{7F7417F1-00EC-3E3B-B952-1A4ABDD849DC}</UniqueIdentifier>
    </Filter>
    <Filter Include="Source Files">
      <UniqueIdentifier>{73C92041-99EE-3ABF-B543-00AACDFB793F}</UniqueIdentifier>
    </Filter>
  </ItemGroup>
</Project>
