<?xml version="1.0" encoding="utf-8"?>
<Project ToolsVersion="17.0" xmlns="http://schemas.microsoft.com/developer/msbuild/2003">
  <ItemGroup>
    <CustomBuild Include="D:\000 Tech Research\projects\12_harmonia\Builds\juce_build\tools\CMakeFiles\9b9a9b9768a2e9db6fff0bb14000a35a\INSTALL_force.rule">
      <Filter>CMake Rules</Filter>
    </CustomBuild>
  </ItemGroup>
  <ItemGroup>
    <Filter Include="CMake Rules">
      <UniqueIdentifier>{FB406AFE-7561-3847-9350-4D3400E61B50}</UniqueIdentifier>
    </Filter>
  </ItemGroup>
</Project>
