
Microsoft Visual Studio Solution File, Format Version 12.00
# Visual Studio Version 17
Project("{2150E333-8FDC-42A3-9474-1A3956D46DE8}") = "CMakePredefinedTargets", "CMakePredefinedTargets", "{471AC268-6766-3E3F-9DB0-0681420CA30F}"
EndProject
Project("{8BC9CEB8-8B4A-11D0-8D11-00A0C91BC942}") = "ALL_BUILD", "ALL_BUILD.vcxproj", "{D1B9F530-15EB-3414-8B04-E57882C1BCDE}"
	ProjectSection(ProjectDependencies) = postProject
		{588CCB15-3A40-3426-BF6B-9A5009B9D00C} = {588CCB15-3A40-3426-BF6B-9A5009B9D00C}
		{EAB09DF3-1593-33E4-80B4-11749681B0D4} = {EAB09DF3-1593-33E4-80B4-11749681B0D4}
	EndProjectSection
EndProject
Project("{8BC9CEB8-8B4A-11D0-8D11-00A0C91BC942}") = "INSTALL", "INSTALL.vcxproj", "{26DA0CE7-5653-375E-A266-303237C9632D}"
	ProjectSection(ProjectDependencies) = postProject
		{D1B9F530-15EB-3414-8B04-E57882C1BCDE} = {D1B9F530-15EB-3414-8B04-E57882C1BCDE}
		{588CCB15-3A40-3426-BF6B-9A5009B9D00C} = {588CCB15-3A40-3426-BF6B-9A5009B9D00C}
	EndProjectSection
EndProject
Project("{8BC9CEB8-8B4A-11D0-8D11-00A0C91BC942}") = "ZERO_CHECK", "ZERO_CHECK.vcxproj", "{588CCB15-3A40-3426-BF6B-9A5009B9D00C}"
	ProjectSection(ProjectDependencies) = postProject
	EndProjectSection
EndProject
Project("{8BC9CEB8-8B4A-11D0-8D11-00A0C91BC942}") = "juceaide", "extras\Build\juceaide\juceaide.vcxproj", "{EAB09DF3-1593-33E4-80B4-11749681B0D4}"
	ProjectSection(ProjectDependencies) = postProject
		{588CCB15-3A40-3426-BF6B-9A5009B9D00C} = {588CCB15-3A40-3426-BF6B-9A5009B9D00C}
	EndProjectSection
EndProject
Global
	GlobalSection(SolutionConfigurationPlatforms) = preSolution
		Debug|x64 = Debug|x64
		Release|x64 = Release|x64
		MinSizeRel|x64 = MinSizeRel|x64
		RelWithDebInfo|x64 = RelWithDebInfo|x64
	EndGlobalSection
	GlobalSection(ProjectConfigurationPlatforms) = postSolution
		{D1B9F530-15EB-3414-8B04-E57882C1BCDE}.Debug|x64.ActiveCfg = Debug|x64
		{D1B9F530-15EB-3414-8B04-E57882C1BCDE}.Debug|x64.Build.0 = Debug|x64
		{D1B9F530-15EB-3414-8B04-E57882C1BCDE}.Release|x64.ActiveCfg = Release|x64
		{D1B9F530-15EB-3414-8B04-E57882C1BCDE}.Release|x64.Build.0 = Release|x64
		{D1B9F530-15EB-3414-8B04-E57882C1BCDE}.MinSizeRel|x64.ActiveCfg = MinSizeRel|x64
		{D1B9F530-15EB-3414-8B04-E57882C1BCDE}.MinSizeRel|x64.Build.0 = MinSizeRel|x64
		{D1B9F530-15EB-3414-8B04-E57882C1BCDE}.RelWithDebInfo|x64.ActiveCfg = RelWithDebInfo|x64
		{D1B9F530-15EB-3414-8B04-E57882C1BCDE}.RelWithDebInfo|x64.Build.0 = RelWithDebInfo|x64
		{26DA0CE7-5653-375E-A266-303237C9632D}.Debug|x64.ActiveCfg = Debug|x64
		{26DA0CE7-5653-375E-A266-303237C9632D}.Release|x64.ActiveCfg = Release|x64
		{26DA0CE7-5653-375E-A266-303237C9632D}.MinSizeRel|x64.ActiveCfg = MinSizeRel|x64
		{26DA0CE7-5653-375E-A266-303237C9632D}.RelWithDebInfo|x64.ActiveCfg = RelWithDebInfo|x64
		{588CCB15-3A40-3426-BF6B-9A5009B9D00C}.Debug|x64.ActiveCfg = Debug|x64
		{588CCB15-3A40-3426-BF6B-9A5009B9D00C}.Debug|x64.Build.0 = Debug|x64
		{588CCB15-3A40-3426-BF6B-9A5009B9D00C}.Release|x64.ActiveCfg = Release|x64
		{588CCB15-3A40-3426-BF6B-9A5009B9D00C}.Release|x64.Build.0 = Release|x64
		{588CCB15-3A40-3426-BF6B-9A5009B9D00C}.MinSizeRel|x64.ActiveCfg = MinSizeRel|x64
		{588CCB15-3A40-3426-BF6B-9A5009B9D00C}.MinSizeRel|x64.Build.0 = MinSizeRel|x64
		{588CCB15-3A40-3426-BF6B-9A5009B9D00C}.RelWithDebInfo|x64.ActiveCfg = RelWithDebInfo|x64
		{588CCB15-3A40-3426-BF6B-9A5009B9D00C}.RelWithDebInfo|x64.Build.0 = RelWithDebInfo|x64
		{EAB09DF3-1593-33E4-80B4-11749681B0D4}.Debug|x64.ActiveCfg = Debug|x64
		{EAB09DF3-1593-33E4-80B4-11749681B0D4}.Debug|x64.Build.0 = Debug|x64
		{EAB09DF3-1593-33E4-80B4-11749681B0D4}.Release|x64.ActiveCfg = Release|x64
		{EAB09DF3-1593-33E4-80B4-11749681B0D4}.Release|x64.Build.0 = Release|x64
		{EAB09DF3-1593-33E4-80B4-11749681B0D4}.MinSizeRel|x64.ActiveCfg = MinSizeRel|x64
		{EAB09DF3-1593-33E4-80B4-11749681B0D4}.MinSizeRel|x64.Build.0 = MinSizeRel|x64
		{EAB09DF3-1593-33E4-80B4-11749681B0D4}.RelWithDebInfo|x64.ActiveCfg = RelWithDebInfo|x64
		{EAB09DF3-1593-33E4-80B4-11749681B0D4}.RelWithDebInfo|x64.Build.0 = RelWithDebInfo|x64
	EndGlobalSection
	GlobalSection(NestedProjects) = preSolution
		{D1B9F530-15EB-3414-8B04-E57882C1BCDE} = {471AC268-6766-3E3F-9DB0-0681420CA30F}
		{26DA0CE7-5653-375E-A266-303237C9632D} = {471AC268-6766-3E3F-9DB0-0681420CA30F}
		{588CCB15-3A40-3426-BF6B-9A5009B9D00C} = {471AC268-6766-3E3F-9DB0-0681420CA30F}
	EndGlobalSection
	GlobalSection(ExtensibilityGlobals) = postSolution
		SolutionGuid = {C1E176A9-5673-3454-BDB8-9B692F1013C9}
	EndGlobalSection
	GlobalSection(ExtensibilityAddIns) = postSolution
	EndGlobalSection
EndGlobal
